
Microsoft Visual Studio Solution File, Format Version 12.00
# Visual Studio Version 17
VisualStudioVersion = 17.11.35431.28
MinimumVisualStudioVersion = 10.0.40219.1
Project("{9A19103F-16F7-4668-BE54-9A1E7A4F7556}") = "TestDevExpressAI", "TestDevExpressAI\TestDevExpressAI.csproj", "{9602F4AE-73B0-44B1-ABF4-59344000AB31}"
EndProject
Global
	GlobalSection(SolutionConfigurationPlatforms) = preSolution
		Debug|Any CPU = Debug|Any CPU
		Release|Any CPU = Release|Any CPU
	EndGlobalSection
	GlobalSection(ProjectConfigurationPlatforms) = postSolution
		{9602F4AE-73B0-44B1-ABF4-59344000AB31}.Debug|Any CPU.ActiveCfg = Debug|Any CPU
		{9602F4AE-73B0-44B1-ABF4-59344000AB31}.Debug|Any CPU.Build.0 = Debug|Any CPU
		{9602F4AE-73B0-44B1-ABF4-59344000AB31}.Release|Any CPU.ActiveCfg = Release|Any CPU
		{9602F4AE-73B0-44B1-ABF4-59344000AB31}.Release|Any CPU.Build.0 = Release|Any CPU
	EndGlobalSection
	GlobalSection(SolutionProperties) = preSolution
		HideSolutionNode = FALSE
	EndGlobalSection
	GlobalSection(ExtensibilityGlobals) = postSolution
		SolutionGuid = {35CDD8B4-65C7-46F1-9A94-916421F490A9}
	EndGlobalSection
EndGlobal
